// !$*UTF8*$!
{
	archiveVersion = 1;
	classes = {
	};
	objectVersion = 51;
	objects = {

/* Begin PBXBuildFile section */
		4D2E46262555A457004FD84F /* AppDelegate.swift in Sources */ = {isa = PBXBuildFile; fileRef = 4D2E46252555A457004FD84F /* AppDelegate.swift */; };
		4D2E46282555A457004FD84F /* SceneDelegate.swift in Sources */ = {isa = PBXBuildFile; fileRef = 4D2E46272555A457004FD84F /* SceneDelegate.swift */; };
		4D2E462A2555A457004FD84F /* ContentView.swift in Sources */ = {isa = PBXBuildFile; fileRef = 4D2E46292555A457004FD84F /* ContentView.swift */; };
		4D2E462C2555A45A004FD84F /* Assets.xcassets in Resources */ = {isa = PBXBuildFile; fileRef = 4D2E462B2555A45A004FD84F /* Assets.xcassets */; };
		4D2E462F2555A45A004FD84F /* Preview Assets.xcassets in Resources */ = {isa = PBXBuildFile; fileRef = 4D2E462E2555A45A004FD84F /* Preview Assets.xcassets */; };
		4D2E46322555A45A004FD84F /* LaunchScreen.storyboard in Resources */ = {isa = PBXBuildFile; fileRef = 4D2E46302555A45A004FD84F /* LaunchScreen.storyboard */; };
		65BFC6D0256A8DF300D6E5A3 /* NewsFeedView.swift in Sources */ = {isa = PBXBuildFile; fileRef = 65BFC6CF256A8DF300D6E5A3 /* NewsFeedView.swift */; };
		65BFC6E6256AC55A00D6E5A3 /* UrlImageModel.swift in Sources */ = {isa = PBXBuildFile; fileRef = 65BFC6E5256AC55A00D6E5A3 /* UrlImageModel.swift */; };
		65BFC6E9256AC5F200D6E5A3 /* UrlImageView.swift in Sources */ = {isa = PBXBuildFile; fileRef = 65BFC6E8256AC5F200D6E5A3 /* UrlImageView.swift */; };
		65BFC6EE256AC78900D6E5A3 /* NewsIcon.png in Resources */ = {isa = PBXBuildFile; fileRef = 65BFC6ED256AC78900D6E5A3 /* NewsIcon.png */; };
		65BFC6F2256BC63800D6E5A3 /* CleanerView.swift in Sources */ = {isa = PBXBuildFile; fileRef = 65BFC6F1256BC63800D6E5A3 /* CleanerView.swift */; };
		65F3F3C22562BD3B0030FA10 /* fetchimage.swift in Sources */ = {isa = PBXBuildFile; fileRef = 65F3F3C12562BD3B0030FA10 /* fetchimage.swift */; };
		65F3F3E0256543A40030FA10 /* RefreshableScroll.swift in Sources */ = {isa = PBXBuildFile; fileRef = 65F3F3DF256543A40030FA10 /* RefreshableScroll.swift */; };
		65F3F3E32565512B0030FA10 /* ApiCall.swift in Sources */ = {isa = PBXBuildFile; fileRef = 65F3F3E22565512B0030FA10 /* ApiCall.swift */; };
		65F3F40A25684D530030FA10 /* Spinner.swift in Sources */ = {isa = PBXBuildFile; fileRef = 65F3F40925684D520030FA10 /* Spinner.swift */; };
		65F3F40F25685A100030FA10 /* SafariView.swift in Sources */ = {isa = PBXBuildFile; fileRef = 65F3F40E25685A100030FA10 /* SafariView.swift */; };
		65F3F41225685A550030FA10 /* Shapes.swift in Sources */ = {isa = PBXBuildFile; fileRef = 65F3F41125685A550030FA10 /* Shapes.swift */; };
		F3473981570D1FD41B1A89CE /* Pods_Forcard.framework in Frameworks */ = {isa = PBXBuildFile; fileRef = C7425ECB6CD7FF11B3163E66 /* Pods_Forcard.framework */; };
/* End PBXBuildFile section */

/* Begin PBXFileReference section */
		18285CDF8726ACF8251815A8 /* Pods-Forcard.release.xcconfig */ = {isa = PBXFileReference; includeInIndex = 1; lastKnownFileType = text.xcconfig; name = "Pods-Forcard.release.xcconfig"; path = "Target Support Files/Pods-Forcard/Pods-Forcard.release.xcconfig"; sourceTree = "<group>"; };
		4D2E46222555A457004FD84F /* Forcard.app */ = {isa = PBXFileReference; explicitFileType = wrapper.application; includeInIndex = 0; path = Forcard.app; sourceTree = BUILT_PRODUCTS_DIR; };
		4D2E46252555A457004FD84F /* AppDelegate.swift */ = {isa = PBXFileReference; lastKnownFileType = sourcecode.swift; path = AppDelegate.swift; sourceTree = "<group>"; };
		4D2E46272555A457004FD84F /* SceneDelegate.swift */ = {isa = PBXFileReference; lastKnownFileType = sourcecode.swift; path = SceneDelegate.swift; sourceTree = "<group>"; };
		4D2E46292555A457004FD84F /* ContentView.swift */ = {isa = PBXFileReference; lastKnownFileType = sourcecode.swift; path = ContentView.swift; sourceTree = "<group>"; };
		4D2E462B2555A45A004FD84F /* Assets.xcassets */ = {isa = PBXFileReference; lastKnownFileType = folder.assetcatalog; path = Assets.xcassets; sourceTree = "<group>"; };
		4D2E462E2555A45A004FD84F /* Preview Assets.xcassets */ = {isa = PBXFileReference; lastKnownFileType = folder.assetcatalog; path = "Preview Assets.xcassets"; sourceTree = "<group>"; };
		4D2E46312555A45A004FD84F /* Base */ = {isa = PBXFileReference; lastKnownFileType = file.storyboard; name = Base; path = Base.lproj/LaunchScreen.storyboard; sourceTree = "<group>"; };
		4D2E46332555A45A004FD84F /* Info.plist */ = {isa = PBXFileReference; lastKnownFileType = text.plist.xml; path = Info.plist; sourceTree = "<group>"; };
		65BFC6CF256A8DF300D6E5A3 /* NewsFeedView.swift */ = {isa = PBXFileReference; lastKnownFileType = sourcecode.swift; path = NewsFeedView.swift; sourceTree = "<group>"; };
		65BFC6E5256AC55A00D6E5A3 /* UrlImageModel.swift */ = {isa = PBXFileReference; lastKnownFileType = sourcecode.swift; path = UrlImageModel.swift; sourceTree = "<group>"; };
		65BFC6E8256AC5F200D6E5A3 /* UrlImageView.swift */ = {isa = PBXFileReference; lastKnownFileType = sourcecode.swift; path = UrlImageView.swift; sourceTree = "<group>"; };
		65BFC6ED256AC78900D6E5A3 /* NewsIcon.png */ = {isa = PBXFileReference; lastKnownFileType = image.png; path = NewsIcon.png; sourceTree = "<group>"; };
		65BFC6F1256BC63800D6E5A3 /* CleanerView.swift */ = {isa = PBXFileReference; lastKnownFileType = sourcecode.swift; path = CleanerView.swift; sourceTree = "<group>"; };
		65F3F3C12562BD3B0030FA10 /* fetchimage.swift */ = {isa = PBXFileReference; lastKnownFileType = sourcecode.swift; path = fetchimage.swift; sourceTree = "<group>"; };
		65F3F3DF256543A40030FA10 /* RefreshableScroll.swift */ = {isa = PBXFileReference; lastKnownFileType = sourcecode.swift; path = RefreshableScroll.swift; sourceTree = "<group>"; };
		65F3F3E22565512B0030FA10 /* ApiCall.swift */ = {isa = PBXFileReference; explicitFileType = sourcecode.swift; fileEncoding = 4; name = ApiCall.swift; path = Forcard/Sources/ApiCall.swift; sourceTree = SOURCE_ROOT; };
		65F3F40925684D520030FA10 /* Spinner.swift */ = {isa = PBXFileReference; lastKnownFileType = sourcecode.swift; path = Spinner.swift; sourceTree = "<group>"; };
		65F3F40E25685A100030FA10 /* SafariView.swift */ = {isa = PBXFileReference; lastKnownFileType = sourcecode.swift; path = SafariView.swift; sourceTree = "<group>"; };
		65F3F41125685A550030FA10 /* Shapes.swift */ = {isa = PBXFileReference; lastKnownFileType = sourcecode.swift; path = Shapes.swift; sourceTree = "<group>"; };
		B942C04AFF09D66A55B1918A /* Pods-Forcard.debug.xcconfig */ = {isa = PBXFileReference; includeInIndex = 1; lastKnownFileType = text.xcconfig; name = "Pods-Forcard.debug.xcconfig"; path = "Target Support Files/Pods-Forcard/Pods-Forcard.debug.xcconfig"; sourceTree = "<group>"; };
		C7425ECB6CD7FF11B3163E66 /* Pods_Forcard.framework */ = {isa = PBXFileReference; explicitFileType = wrapper.framework; includeInIndex = 0; path = Pods_Forcard.framework; sourceTree = BUILT_PRODUCTS_DIR; };
/* End PBXFileReference section */

/* Begin PBXFrameworksBuildPhase section */
		4D2E461F2555A457004FD84F /* Frameworks */ = {
			isa = PBXFrameworksBuildPhase;
			buildActionMask = 2147483647;
			files = (
				F3473981570D1FD41B1A89CE /* Pods_Forcard.framework in Frameworks */,
			);
			runOnlyForDeploymentPostprocessing = 0;
		};
/* End PBXFrameworksBuildPhase section */

/* Begin PBXGroup section */
		4D2E46192555A457004FD84F = {
			isa = PBXGroup;
			children = (
				4D2E46242555A457004FD84F /* Forcard */,
				4D2E46232555A457004FD84F /* Products */,
				7260DADDB75437013958E7B7 /* Pods */,
				E1CA9475DDDA66404A832DFF /* Frameworks */,
			);
			sourceTree = "<group>";
		};
		4D2E46232555A457004FD84F /* Products */ = {
			isa = PBXGroup;
			children = (
				4D2E46222555A457004FD84F /* Forcard.app */,
			);
			name = Products;
			sourceTree = "<group>";
		};
		4D2E46242555A457004FD84F /* Forcard */ = {
			isa = PBXGroup;
			children = (
				65BFC6EB256AC6F600D6E5A3 /* Resources */,
				65F3F414256974460030FA10 /* View */,
				65F3F3E6256557700030FA10 /* Sources */,
				4D2E46252555A457004FD84F /* AppDelegate.swift */,
				4D2E46292555A457004FD84F /* ContentView.swift */,
				4D2E46272555A457004FD84F /* SceneDelegate.swift */,
				4D2E462B2555A45A004FD84F /* Assets.xcassets */,
				4D2E46302555A45A004FD84F /* LaunchScreen.storyboard */,
				4D2E46332555A45A004FD84F /* Info.plist */,
				4D2E462D2555A45A004FD84F /* Preview Content */,
			);
			path = Forcard;
			sourceTree = "<group>";
		};
		4D2E462D2555A45A004FD84F /* Preview Content */ = {
			isa = PBXGroup;
			children = (
				4D2E462E2555A45A004FD84F /* Preview Assets.xcassets */,
			);
			path = "Preview Content";
			sourceTree = "<group>";
		};
		65BFC6EB256AC6F600D6E5A3 /* Resources */ = {
			isa = PBXGroup;
			children = (
				65BFC6ED256AC78900D6E5A3 /* NewsIcon.png */,
			);
			path = Resources;
			sourceTree = "<group>";
		};
		65F3F3E6256557700030FA10 /* Sources */ = {
			isa = PBXGroup;
			children = (
				65F3F3E22565512B0030FA10 /* ApiCall.swift */,
				65BFC6E5256AC55A00D6E5A3 /* UrlImageModel.swift */,
				65F3F3C12562BD3B0030FA10 /* fetchimage.swift */,
				65F3F3DF256543A40030FA10 /* RefreshableScroll.swift */,
				65F3F40925684D520030FA10 /* Spinner.swift */,
				65F3F40E25685A100030FA10 /* SafariView.swift */,
			);
			path = Sources;
			sourceTree = "<group>";
		};
		65F3F414256974460030FA10 /* View */ = {
			isa = PBXGroup;
			children = (
				65F3F41125685A550030FA10 /* Shapes.swift */,
				65BFC6CF256A8DF300D6E5A3 /* NewsFeedView.swift */,
				65BFC6E8256AC5F200D6E5A3 /* UrlImageView.swift */,
				65BFC6F1256BC63800D6E5A3 /* CleanerView.swift */,
			);
			path = View;
			sourceTree = "<group>";
		};
		7260DADDB75437013958E7B7 /* Pods */ = {
			isa = PBXGroup;
			children = (
				B942C04AFF09D66A55B1918A /* Pods-Forcard.debug.xcconfig */,
				18285CDF8726ACF8251815A8 /* Pods-Forcard.release.xcconfig */,
			);
			path = Pods;
			sourceTree = "<group>";
		};
		E1CA9475DDDA66404A832DFF /* Frameworks */ = {
			isa = PBXGroup;
			children = (
				C7425ECB6CD7FF11B3163E66 /* Pods_Forcard.framework */,
			);
			name = Frameworks;
			sourceTree = "<group>";
		};
/* End PBXGroup section */

/* Begin PBXNativeTarget section */
		4D2E46212555A457004FD84F /* Forcard */ = {
			isa = PBXNativeTarget;
			buildConfigurationList = 4D2E46362555A45A004FD84F /* Build configuration list for PBXNativeTarget "Forcard" */;
			buildPhases = (
				F120536521796668D32896A5 /* [CP] Check Pods Manifest.lock */,
				4D2E461E2555A457004FD84F /* Sources */,
				4D2E461F2555A457004FD84F /* Frameworks */,
				4D2E46202555A457004FD84F /* Resources */,
				C3246BB4A18FB0E2A265673E /* [CP] Embed Pods Frameworks */,
			);
			buildRules = (
			);
			dependencies = (
			);
			name = Forcard;
			productName = Forcard;
			productReference = 4D2E46222555A457004FD84F /* Forcard.app */;
			productType = "com.apple.product-type.application";
		};
/* End PBXNativeTarget section */

/* Begin PBXProject section */
		4D2E461A2555A457004FD84F /* Project object */ = {
			isa = PBXProject;
			attributes = {
				LastSwiftUpdateCheck = 1210;
				LastUpgradeCheck = 1210;
				TargetAttributes = {
					4D2E46212555A457004FD84F = {
						CreatedOnToolsVersion = 12.1;
					};
				};
			};
			buildConfigurationList = 4D2E461D2555A457004FD84F /* Build configuration list for PBXProject "Forcard" */;
			compatibilityVersion = "Xcode 9.3";
			developmentRegion = en;
			hasScannedForEncodings = 0;
			knownRegions = (
				en,
				Base,
			);
			mainGroup = 4D2E46192555A457004FD84F;
			productRefGroup = 4D2E46232555A457004FD84F /* Products */;
			projectDirPath = "";
			projectRoot = "";
			targets = (
				4D2E46212555A457004FD84F /* Forcard */,
			);
		};
/* End PBXProject section */

/* Begin PBXResourcesBuildPhase section */
		4D2E46202555A457004FD84F /* Resources */ = {
			isa = PBXResourcesBuildPhase;
			buildActionMask = 2147483647;
			files = (
				4D2E46322555A45A004FD84F /* LaunchScreen.storyboard in Resources */,
				65BFC6EE256AC78900D6E5A3 /* NewsIcon.png in Resources */,
				4D2E462F2555A45A004FD84F /* Preview Assets.xcassets in Resources */,
				4D2E462C2555A45A004FD84F /* Assets.xcassets in Resources */,
			);
			runOnlyForDeploymentPostprocessing = 0;
		};
/* End PBXResourcesBuildPhase section */

/* Begin PBXShellScriptBuildPhase section */
		C3246BB4A18FB0E2A265673E /* [CP] Embed Pods Frameworks */ = {
			isa = PBXShellScriptBuildPhase;
			buildActionMask = 2147483647;
			files = (
			);
			inputFileListPaths = (
				"${PODS_ROOT}/Target Support Files/Pods-Forcard/Pods-Forcard-frameworks-${CONFIGURATION}-input-files.xcfilelist",
			);
			name = "[CP] Embed Pods Frameworks";
			outputFileListPaths = (
				"${PODS_ROOT}/Target Support Files/Pods-Forcard/Pods-Forcard-frameworks-${CONFIGURATION}-output-files.xcfilelist",
			);
			runOnlyForDeploymentPostprocessing = 0;
			shellPath = /bin/sh;
			shellScript = "\"${PODS_ROOT}/Target Support Files/Pods-Forcard/Pods-Forcard-frameworks.sh\"\n";
			showEnvVarsInLog = 0;
		};
		F120536521796668D32896A5 /* [CP] Check Pods Manifest.lock */ = {
			isa = PBXShellScriptBuildPhase;
			buildActionMask = 2147483647;
			files = (
			);
			inputFileListPaths = (
			);
			inputPaths = (
				"${PODS_PODFILE_DIR_PATH}/Podfile.lock",
				"${PODS_ROOT}/Manifest.lock",
			);
			name = "[CP] Check Pods Manifest.lock";
			outputFileListPaths = (
			);
			outputPaths = (
				"$(DERIVED_FILE_DIR)/Pods-Forcard-checkManifestLockResult.txt",
			);
			runOnlyForDeploymentPostprocessing = 0;
			shellPath = /bin/sh;
			shellScript = "diff \"${PODS_PODFILE_DIR_PATH}/Podfile.lock\" \"${PODS_ROOT}/Manifest.lock\" > /dev/null\nif [ $? != 0 ] ; then\n    # print error to STDERR\n    echo \"error: The sandbox is not in sync with the Podfile.lock. Run 'pod install' or update your CocoaPods installation.\" >&2\n    exit 1\nfi\n# This output is used by Xcode 'outputs' to avoid re-running this script phase.\necho \"SUCCESS\" > \"${SCRIPT_OUTPUT_FILE_0}\"\n";
			showEnvVarsInLog = 0;
		};
/* End PBXShellScriptBuildPhase section */

/* Begin PBXSourcesBuildPhase section */
		4D2E461E2555A457004FD84F /* Sources */ = {
			isa = PBXSourcesBuildPhase;
			buildActionMask = 2147483647;
			files = (
				65BFC6E9256AC5F200D6E5A3 /* UrlImageView.swift in Sources */,
				65F3F3C22562BD3B0030FA10 /* fetchimage.swift in Sources */,
				65BFC6D0256A8DF300D6E5A3 /* NewsFeedView.swift in Sources */,
				65F3F40F25685A100030FA10 /* SafariView.swift in Sources */,
				65F3F3E0256543A40030FA10 /* RefreshableScroll.swift in Sources */,
				65BFC6E6256AC55A00D6E5A3 /* UrlImageModel.swift in Sources */,
				4D2E46262555A457004FD84F /* AppDelegate.swift in Sources */,
				4D2E46282555A457004FD84F /* SceneDelegate.swift in Sources */,
				4D2E462A2555A457004FD84F /* ContentView.swift in Sources */,
				65F3F41225685A550030FA10 /* Shapes.swift in Sources */,
				65F3F3E32565512B0030FA10 /* ApiCall.swift in Sources */,
				65F3F40A25684D530030FA10 /* Spinner.swift in Sources */,
				65BFC6F2256BC63800D6E5A3 /* CleanerView.swift in Sources */,
			);
			runOnlyForDeploymentPostprocessing = 0;
		};
/* End PBXSourcesBuildPhase section */

/* Begin PBXVariantGroup section */
		4D2E46302555A45A004FD84F /* LaunchScreen.storyboard */ = {
			isa = PBXVariantGroup;
			children = (
				4D2E46312555A45A004FD84F /* Base */,
			);
			name = LaunchScreen.storyboard;
			sourceTree = "<group>";
		};
/* End PBXVariantGroup section */

/* Begin XCBuildConfiguration section */
		4D2E46342555A45A004FD84F /* Debug */ = {
			isa = XCBuildConfiguration;
			buildSettings = {
				ALWAYS_SEARCH_USER_PATHS = NO;
				CLANG_ANALYZER_NONNULL = YES;
				CLANG_ANALYZER_NUMBER_OBJECT_CONVERSION = YES_AGGRESSIVE;
				CLANG_CXX_LANGUAGE_STANDARD = "gnu++14";
				CLANG_CXX_LIBRARY = "libc++";
				CLANG_ENABLE_MODULES = YES;
				CLANG_ENABLE_OBJC_ARC = YES;
				CLANG_ENABLE_OBJC_WEAK = YES;
				CLANG_WARN_BLOCK_CAPTURE_AUTORELEASING = YES;
				CLANG_WARN_BOOL_CONVERSION = YES;
				CLANG_WARN_COMMA = YES;
				CLANG_WARN_CONSTANT_CONVERSION = YES;
				CLANG_WARN_DEPRECATED_OBJC_IMPLEMENTATIONS = YES;
				CLANG_WARN_DIRECT_OBJC_ISA_USAGE = YES_ERROR;
				CLANG_WARN_DOCUMENTATION_COMMENTS = YES;
				CLANG_WARN_EMPTY_BODY = YES;
				CLANG_WARN_ENUM_CONVERSION = YES;
				CLANG_WARN_INFINITE_RECURSION = YES;
				CLANG_WARN_INT_CONVERSION = YES;
				CLANG_WARN_NON_LITERAL_NULL_CONVERSION = YES;
				CLANG_WARN_OBJC_IMPLICIT_RETAIN_SELF = YES;
				CLANG_WARN_OBJC_LITERAL_CONVERSION = YES;
				CLANG_WARN_OBJC_ROOT_CLASS = YES_ERROR;
				CLANG_WARN_QUOTED_INCLUDE_IN_FRAMEWORK_HEADER = YES;
				CLANG_WARN_RANGE_LOOP_ANALYSIS = YES;
				CLANG_WARN_STRICT_PROTOTYPES = YES;
				CLANG_WARN_SUSPICIOUS_MOVE = YES;
				CLANG_WARN_UNGUARDED_AVAILABILITY = YES_AGGRESSIVE;
				CLANG_WARN_UNREACHABLE_CODE = YES;
				CLANG_WARN__DUPLICATE_METHOD_MATCH = YES;
				COPY_PHASE_STRIP = NO;
				DEBUG_INFORMATION_FORMAT = dwarf;
				ENABLE_STRICT_OBJC_MSGSEND = YES;
				ENABLE_TESTABILITY = YES;
				GCC_C_LANGUAGE_STANDARD = gnu11;
				GCC_DYNAMIC_NO_PIC = NO;
				GCC_NO_COMMON_BLOCKS = YES;
				GCC_OPTIMIZATION_LEVEL = 0;
				GCC_PREPROCESSOR_DEFINITIONS = (
					"DEBUG=1",
					"$(inherited)",
				);
				GCC_WARN_64_TO_32_BIT_CONVERSION = YES;
				GCC_WARN_ABOUT_RETURN_TYPE = YES_ERROR;
				GCC_WARN_UNDECLARED_SELECTOR = YES;
				GCC_WARN_UNINITIALIZED_AUTOS = YES_AGGRESSIVE;
				GCC_WARN_UNUSED_FUNCTION = YES;
				GCC_WARN_UNUSED_VARIABLE = YES;
				IPHONEOS_DEPLOYMENT_TARGET = 14.2;
				MTL_ENABLE_DEBUG_INFO = INCLUDE_SOURCE;
				MTL_FAST_MATH = YES;
				ONLY_ACTIVE_ARCH = YES;
				SDKROOT = iphoneos;
				SWIFT_ACTIVE_COMPILATION_CONDITIONS = DEBUG;
				SWIFT_OPTIMIZATION_LEVEL = "-Onone";
			};
			name = Debug;
		};
		4D2E46352555A45A004FD84F /* Release */ = {
			isa = XCBuildConfiguration;
			buildSettings = {
				ALWAYS_SEARCH_USER_PATHS = NO;
				CLANG_ANALYZER_NONNULL = YES;
				CLANG_ANALYZER_NUMBER_OBJECT_CONVERSION = YES_AGGRESSIVE;
				CLANG_CXX_LANGUAGE_STANDARD = "gnu++14";
				CLANG_CXX_LIBRARY = "libc++";
				CLANG_ENABLE_MODULES = YES;
				CLANG_ENABLE_OBJC_ARC = YES;
				CLANG_ENABLE_OBJC_WEAK = YES;
				CLANG_WARN_BLOCK_CAPTURE_AUTORELEASING = YES;
				CLANG_WARN_BOOL_CONVERSION = YES;
				CLANG_WARN_COMMA = YES;
				CLANG_WARN_CONSTANT_CONVERSION = YES;
				CLANG_WARN_DEPRECATED_OBJC_IMPLEMENTATIONS = YES;
				CLANG_WARN_DIRECT_OBJC_ISA_USAGE = YES_ERROR;
				CLANG_WARN_DOCUMENTATION_COMMENTS = YES;
				CLANG_WARN_EMPTY_BODY = YES;
				CLANG_WARN_ENUM_CONVERSION = YES;
				CLANG_WARN_INFINITE_RECURSION = YES;
				CLANG_WARN_INT_CONVERSION = YES;
				CLANG_WARN_NON_LITERAL_NULL_CONVERSION = YES;
				CLANG_WARN_OBJC_IMPLICIT_RETAIN_SELF = YES;
				CLANG_WARN_OBJC_LITERAL_CONVERSION = YES;
				CLANG_WARN_OBJC_ROOT_CLASS = YES_ERROR;
				CLANG_WARN_QUOTED_INCLUDE_IN_FRAMEWORK_HEADER = YES;
				CLANG_WARN_RANGE_LOOP_ANALYSIS = YES;
				CLANG_WARN_STRICT_PROTOTYPES = YES;
				CLANG_WARN_SUSPICIOUS_MOVE = YES;
				CLANG_WARN_UNGUARDED_AVAILABILITY = YES_AGGRESSIVE;
				CLANG_WARN_UNREACHABLE_CODE = YES;
				CLANG_WARN__DUPLICATE_METHOD_MATCH = YES;
				COPY_PHASE_STRIP = NO;
				DEBUG_INFORMATION_FORMAT = "dwarf-with-dsym";
				ENABLE_NS_ASSERTIONS = NO;
				ENABLE_STRICT_OBJC_MSGSEND = YES;
				GCC_C_LANGUAGE_STANDARD = gnu11;
				GCC_NO_COMMON_BLOCKS = YES;
				GCC_WARN_64_TO_32_BIT_CONVERSION = YES;
				GCC_WARN_ABOUT_RETURN_TYPE = YES_ERROR;
				GCC_WARN_UNDECLARED_SELECTOR = YES;
				GCC_WARN_UNINITIALIZED_AUTOS = YES_AGGRESSIVE;
				GCC_WARN_UNUSED_FUNCTION = YES;
				GCC_WARN_UNUSED_VARIABLE = YES;
				IPHONEOS_DEPLOYMENT_TARGET = 14.2;
				MTL_ENABLE_DEBUG_INFO = NO;
				MTL_FAST_MATH = YES;
				SDKROOT = iphoneos;
				SWIFT_COMPILATION_MODE = wholemodule;
				SWIFT_OPTIMIZATION_LEVEL = "-O";
				VALIDATE_PRODUCT = YES;
			};
			name = Release;
		};
		4D2E46372555A45A004FD84F /* Debug */ = {
			isa = XCBuildConfiguration;
			baseConfigurationReference = B942C04AFF09D66A55B1918A /* Pods-Forcard.debug.xcconfig */;
			buildSettings = {
				ASSETCATALOG_COMPILER_APPICON_NAME = AppIcon;
				ASSETCATALOG_COMPILER_GLOBAL_ACCENT_COLOR_NAME = AccentColor;
				CODE_SIGN_STYLE = Automatic;
				DEVELOPMENT_ASSET_PATHS = "\"Forcard/Preview Content\"";
				DEVELOPMENT_TEAM = 4F9VG25MLA;
				ENABLE_PREVIEWS = YES;
				INFOPLIST_FILE = Forcard/Info.plist;
				LD_RUNPATH_SEARCH_PATHS = (
					"$(inherited)",
					"@executable_path/Frameworks",
				);
				PRODUCT_BUNDLE_IDENTIFIER = DCP.Forcard;
				PRODUCT_NAME = "$(TARGET_NAME)";
				SWIFT_VERSION = 5.0;
				TARGETED_DEVICE_FAMILY = "1,2";
			};
			name = Debug;
		};
		4D2E46382555A45A004FD84F /* Release */ = {
			isa = XCBuildConfiguration;
			baseConfigurationReference = 18285CDF8726ACF8251815A8 /* Pods-Forcard.release.xcconfig */;
			buildSettings = {
				ASSETCATALOG_COMPILER_APPICON_NAME = AppIcon;
				ASSETCATALOG_COMPILER_GLOBAL_ACCENT_COLOR_NAME = AccentColor;
				CODE_SIGN_STYLE = Automatic;
				DEVELOPMENT_ASSET_PATHS = "\"Forcard/Preview Content\"";
				DEVELOPMENT_TEAM = 4F9VG25MLA;
				ENABLE_PREVIEWS = YES;
				INFOPLIST_FILE = Forcard/Info.plist;
				LD_RUNPATH_SEARCH_PATHS = (
					"$(inherited)",
					"@executable_path/Frameworks",
				);
				PRODUCT_BUNDLE_IDENTIFIER = DCP.Forcard;
				PRODUCT_NAME = "$(TARGET_NAME)";
				SWIFT_VERSION = 5.0;
				TARGETED_DEVICE_FAMILY = "1,2";
			};
			name = Release;
		};
/* End XCBuildConfiguration section */

/* Begin XCConfigurationList section */
		4D2E461D2555A457004FD84F /* Build configuration list for PBXProject "Forcard" */ = {
			isa = XCConfigurationList;
			buildConfigurations = (
				4D2E46342555A45A004FD84F /* Debug */,
				4D2E46352555A45A004FD84F /* Release */,
			);
			defaultConfigurationIsVisible = 0;
			defaultConfigurationName = Release;
		};
		4D2E46362555A45A004FD84F /* Build configuration list for PBXNativeTarget "Forcard" */ = {
			isa = XCConfigurationList;
			buildConfigurations = (
				4D2E46372555A45A004FD84F /* Debug */,
				4D2E46382555A45A004FD84F /* Release */,
			);
			defaultConfigurationIsVisible = 0;
			defaultConfigurationName = Release;
		};
/* End XCConfigurationList section */
	};
	rootObject = 4D2E461A2555A457004FD84F /* Project object */;
}
